{
  "originHash" : "e27c85f37e36ac0dd4e38910a8b5de0545fd1bc38afabe5989547b85c47f35bd",
  "pins" : [
    {
      "identity" : "bvfappkit",
      "kind" : "remoteSourceControl",
      "location" : "https://github.com/openbvf/BvfAppKit",
      "state" : {
        "revision" : "e15e54ae542ffb046e26fd7f20696f8cc341e471",
        "version" : "0.1.3"
      }
    },
    {
      "identity" : "bvfkit",
      "kind" : "remoteSourceControl",
      "location" : "https://github.com/openbvf/BvfKit.git",
      "state" : {
        "revision" : "9d66882d78e651de435219e0729abbf184d528ee",
        "version" : "0.1.3"
      }
    },
    {
      "identity" : "swift-sodium",
      "kind" : "remoteSourceControl",
      "location" : "https://github.com/jedisct1/swift-sodium.git",
      "state" : {
        "revision" : "e7e799cd1eaa4d0f6d3eab56832e7f4b377f4a4f",
        "version" : "0.10.0"
      }
    }
  ],
  "version" : 3
}
